// !$*UTF8*$!
{
	archiveVersion = 1;
	classes = {
	};
	objectVersion = 50;
	objects = {

/* Begin PBXBuildFile section */
		422D5B6221818D6B004BCC4A /* AppDelegate.swift in Sources */ = {isa = PBXBuildFile; fileRef = 422D5B6121818D6B004BCC4A /* AppDelegate.swift */; };
		422D5B6421818D6B004BCC4A /* TodoListViewController.swift in Sources */ = {isa = PBXBuildFile; fileRef = 422D5B6321818D6B004BCC4A /* TodoListViewController.swift */; };
		422D5B6721818D6B004BCC4A /* Main.storyboard in Resources */ = {isa = PBXBuildFile; fileRef = 422D5B6521818D6B004BCC4A /* Main.storyboard */; };
		422D5B6921818D6B004BCC4A /* Assets.xcassets in Resources */ = {isa = PBXBuildFile; fileRef = 422D5B6821818D6B004BCC4A /* Assets.xcassets */; };
		422D5B6C21818D6B004BCC4A /* LaunchScreen.storyboard in Resources */ = {isa = PBXBuildFile; fileRef = 422D5B6A21818D6B004BCC4A /* LaunchScreen.storyboard */; };
		4254560021821BF400A35975 /* DataModel.xcdatamodeld in Sources */ = {isa = PBXBuildFile; fileRef = 425455FE21821BF400A35975 /* DataModel.xcdatamodeld */; };
		4284E8132182AC85003D0E73 /* CategoryViewController.swift in Sources */ = {isa = PBXBuildFile; fileRef = 4284E8122182AC85003D0E73 /* CategoryViewController.swift */; };
/* End PBXBuildFile section */

/* Begin PBXFileReference section */
		422D5B5E21818D6B004BCC4A /* Todoey.app */ = {isa = PBXFileReference; explicitFileType = wrapper.application; includeInIndex = 0; path = Todoey.app; sourceTree = BUILT_PRODUCTS_DIR; };
		422D5B6121818D6B004BCC4A /* AppDelegate.swift */ = {isa = PBXFileReference; lastKnownFileType = sourcecode.swift; path = AppDelegate.swift; sourceTree = "<group>"; };
		422D5B6321818D6B004BCC4A /* TodoListViewController.swift */ = {isa = PBXFileReference; lastKnownFileType = sourcecode.swift; path = TodoListViewController.swift; sourceTree = "<group>"; };
		422D5B6621818D6B004BCC4A /* Base */ = {isa = PBXFileReference; lastKnownFileType = file.storyboard; name = Base; path = Base.lproj/Main.storyboard; sourceTree = "<group>"; };
		422D5B6821818D6B004BCC4A /* Assets.xcassets */ = {isa = PBXFileReference; lastKnownFileType = folder.assetcatalog; path = Assets.xcassets; sourceTree = "<group>"; };
		422D5B6B21818D6B004BCC4A /* Base */ = {isa = PBXFileReference; lastKnownFileType = file.storyboard; name = Base; path = Base.lproj/LaunchScreen.storyboard; sourceTree = "<group>"; };
		422D5B6D21818D6B004BCC4A /* Info.plist */ = {isa = PBXFileReference; lastKnownFileType = text.plist.xml; path = Info.plist; sourceTree = "<group>"; };
		425455FF21821BF400A35975 /* DataModel.xcdatamodel */ = {isa = PBXFileReference; lastKnownFileType = wrapper.xcdatamodel; path = DataModel.xcdatamodel; sourceTree = "<group>"; };
		4284E8122182AC85003D0E73 /* CategoryViewController.swift */ = {isa = PBXFileReference; lastKnownFileType = sourcecode.swift; path = CategoryViewController.swift; sourceTree = "<group>"; };
/* End PBXFileReference section */

/* Begin PBXFrameworksBuildPhase section */
		422D5B5B21818D6B004BCC4A /* Frameworks */ = {
			isa = PBXFrameworksBuildPhase;
			buildActionMask = 2147483647;
			files = (
			);
			runOnlyForDeploymentPostprocessing = 0;
		};
/* End PBXFrameworksBuildPhase section */

/* Begin PBXGroup section */
		422D5B5521818D6B004BCC4A = {
			isa = PBXGroup;
			children = (
				422D5B6021818D6B004BCC4A /* Todoey */,
				422D5B5F21818D6B004BCC4A /* Products */,
			);
			sourceTree = "<group>";
		};
		422D5B5F21818D6B004BCC4A /* Products */ = {
			isa = PBXGroup;
			children = (
				422D5B5E21818D6B004BCC4A /* Todoey.app */,
			);
			name = Products;
			sourceTree = "<group>";
		};
		422D5B6021818D6B004BCC4A /* Todoey */ = {
			isa = PBXGroup;
			children = (
				425455D42181E02E00A35975 /* Model */,
				425455D82181E0F100A35975 /* View */,
				425455D92181E10300A35975 /* Controller */,
				425455D72181E0D200A35975 /* Supporting Files */,
				422D5B6D21818D6B004BCC4A /* Info.plist */,
			);
			path = Todoey;
			sourceTree = "<group>";
		};
		425455D42181E02E00A35975 /* Model */ = {
			isa = PBXGroup;
			children = (
				425455FE21821BF400A35975 /* DataModel.xcdatamodeld */,
			);
			path = Model;
			sourceTree = "<group>";
		};
		425455D72181E0D200A35975 /* Supporting Files */ = {
			isa = PBXGroup;
			children = (
				422D5B6121818D6B004BCC4A /* AppDelegate.swift */,
				422D5B6821818D6B004BCC4A /* Assets.xcassets */,
				422D5B6A21818D6B004BCC4A /* LaunchScreen.storyboard */,
			);
			path = "Supporting Files";
			sourceTree = "<group>";
		};
		425455D82181E0F100A35975 /* View */ = {
			isa = PBXGroup;
			children = (
				422D5B6521818D6B004BCC4A /* Main.storyboard */,
			);
			path = View;
			sourceTree = "<group>";
		};
		425455D92181E10300A35975 /* Controller */ = {
			isa = PBXGroup;
			children = (
				422D5B6321818D6B004BCC4A /* TodoListViewController.swift */,
				4284E8122182AC85003D0E73 /* CategoryViewController.swift */,
			);
			path = Controller;
			sourceTree = "<group>";
		};
/* End PBXGroup section */

/* Begin PBXNativeTarget section */
		422D5B5D21818D6B004BCC4A /* Todoey */ = {
			isa = PBXNativeTarget;
			buildConfigurationList = 422D5B7021818D6B004BCC4A /* Build configuration list for PBXNativeTarget "Todoey" */;
			buildPhases = (
				422D5B5A21818D6B004BCC4A /* Sources */,
				422D5B5B21818D6B004BCC4A /* Frameworks */,
				422D5B5C21818D6B004BCC4A /* Resources */,
			);
			buildRules = (
			);
			dependencies = (
			);
			name = Todoey;
			productName = Todoey;
			productReference = 422D5B5E21818D6B004BCC4A /* Todoey.app */;
			productType = "com.apple.product-type.application";
		};
/* End PBXNativeTarget section */

/* Begin PBXProject section */
		422D5B5621818D6B004BCC4A /* Project object */ = {
			isa = PBXProject;
			attributes = {
				LastSwiftUpdateCheck = 1000;
				LastUpgradeCheck = 1000;
				ORGANIZATIONNAME = "Sherif Kamal";
				TargetAttributes = {
					422D5B5D21818D6B004BCC4A = {
						CreatedOnToolsVersion = 10.0;
					};
				};
			};
			buildConfigurationList = 422D5B5921818D6B004BCC4A /* Build configuration list for PBXProject "Todoey" */;
			compatibilityVersion = "Xcode 9.3";
			developmentRegion = en;
			hasScannedForEncodings = 0;
			knownRegions = (
				en,
				Base,
			);
			mainGroup = 422D5B5521818D6B004BCC4A;
			productRefGroup = 422D5B5F21818D6B004BCC4A /* Products */;
			projectDirPath = "";
			projectRoot = "";
			targets = (
				422D5B5D21818D6B004BCC4A /* Todoey */,
			);
		};
/* End PBXProject section */

/* Begin PBXResourcesBuildPhase section */
		422D5B5C21818D6B004BCC4A /* Resources */ = {
			isa = PBXResourcesBuildPhase;
			buildActionMask = 2147483647;
			files = (
				422D5B6C21818D6B004BCC4A /* LaunchScreen.storyboard in Resources */,
				422D5B6921818D6B004BCC4A /* Assets.xcassets in Resources */,
				422D5B6721818D6B004BCC4A /* Main.storyboard in Resources */,
			);
			runOnlyForDeploymentPostprocessing = 0;
		};
/* End PBXResourcesBuildPhase section */

/* Begin PBXSourcesBuildPhase section */
		422D5B5A21818D6B004BCC4A /* Sources */ = {
			isa = PBXSourcesBuildPhase;
			buildActionMask = 2147483647;
			files = (
				4284E8132182AC85003D0E73 /* CategoryViewController.swift in Sources */,
				422D5B6421818D6B004BCC4A /* TodoListViewController.swift in Sources */,
				4254560021821BF400A35975 /* DataModel.xcdatamodeld in Sources */,
				422D5B6221818D6B004BCC4A /* AppDelegate.swift in Sources */,
			);
			runOnlyForDeploymentPostprocessing = 0;
		};
/* End PBXSourcesBuildPhase section */

/* Begin PBXVariantGroup section */
		422D5B6521818D6B004BCC4A /* Main.storyboard */ = {
			isa = PBXVariantGroup;
			children = (
				422D5B6621818D6B004BCC4A /* Base */,
			);
			name = Main.storyboard;
			sourceTree = "<group>";
		};
		422D5B6A21818D6B004BCC4A /* LaunchScreen.storyboard */ = {
			isa = PBXVariantGroup;
			children = (
				422D5B6B21818D6B004BCC4A /* Base */,
			);
			name = LaunchScreen.storyboard;
			sourceTree = "<group>";
		};
/* End PBXVariantGroup section */

/* Begin XCBuildConfiguration section */
		422D5B6E21818D6B004BCC4A /* Debug */ = {
			isa = XCBuildConfiguration;
			buildSettings = {
				ALWAYS_SEARCH_USER_PATHS = NO;
				CLANG_ANALYZER_NONNULL = YES;
				CLANG_ANALYZER_NUMBER_OBJECT_CONVERSION = YES_AGGRESSIVE;
				CLANG_CXX_LANGUAGE_STANDARD = "gnu++14";
				CLANG_CXX_LIBRARY = "libc++";
				CLANG_ENABLE_MODULES = YES;
				CLANG_ENABLE_OBJC_ARC = YES;
				CLANG_ENABLE_OBJC_WEAK = YES;
				CLANG_WARN_BLOCK_CAPTURE_AUTORELEASING = YES;
				CLANG_WARN_BOOL_CONVERSION = YES;
				CLANG_WARN_COMMA = YES;
				CLANG_WARN_CONSTANT_CONVERSION = YES;
				CLANG_WARN_DEPRECATED_OBJC_IMPLEMENTATIONS = YES;
				CLANG_WARN_DIRECT_OBJC_ISA_USAGE = YES_ERROR;
				CLANG_WARN_DOCUMENTATION_COMMENTS = YES;
				CLANG_WARN_EMPTY_BODY = YES;
				CLANG_WARN_ENUM_CONVERSION = YES;
				CLANG_WARN_INFINITE_RECURSION = YES;
				CLANG_WARN_INT_CONVERSION = YES;
				CLANG_WARN_NON_LITERAL_NULL_CONVERSION = YES;
				CLANG_WARN_OBJC_IMPLICIT_RETAIN_SELF = YES;
				CLANG_WARN_OBJC_LITERAL_CONVERSION = YES;
				CLANG_WARN_OBJC_ROOT_CLASS = YES_ERROR;
				CLANG_WARN_RANGE_LOOP_ANALYSIS = YES;
				CLANG_WARN_STRICT_PROTOTYPES = YES;
				CLANG_WARN_SUSPICIOUS_MOVE = YES;
				CLANG_WARN_UNGUARDED_AVAILABILITY = YES_AGGRESSIVE;
				CLANG_WARN_UNREACHABLE_CODE = YES;
				CLANG_WARN__DUPLICATE_METHOD_MATCH = YES;
				CODE_SIGN_IDENTITY = "iPhone Developer";
				COPY_PHASE_STRIP = NO;
				DEBUG_INFORMATION_FORMAT = dwarf;
				ENABLE_STRICT_OBJC_MSGSEND = YES;
				ENABLE_TESTABILITY = YES;
				GCC_C_LANGUAGE_STANDARD = gnu11;
				GCC_DYNAMIC_NO_PIC = NO;
				GCC_NO_COMMON_BLOCKS = YES;
				GCC_OPTIMIZATION_LEVEL = 0;
				GCC_PREPROCESSOR_DEFINITIONS = (
					"DEBUG=1",
					"$(inherited)",
				);
				GCC_WARN_64_TO_32_BIT_CONVERSION = YES;
				GCC_WARN_ABOUT_RETURN_TYPE = YES_ERROR;
				GCC_WARN_UNDECLARED_SELECTOR = YES;
				GCC_WARN_UNINITIALIZED_AUTOS = YES_AGGRESSIVE;
				GCC_WARN_UNUSED_FUNCTION = YES;
				GCC_WARN_UNUSED_VARIABLE = YES;
				IPHONEOS_DEPLOYMENT_TARGET = 12.0;
				MTL_ENABLE_DEBUG_INFO = INCLUDE_SOURCE;
				MTL_FAST_MATH = YES;
				ONLY_ACTIVE_ARCH = YES;
				SDKROOT = iphoneos;
				SWIFT_ACTIVE_COMPILATION_CONDITIONS = DEBUG;
				SWIFT_OPTIMIZATION_LEVEL = "-Onone";
			};
			name = Debug;
		};
		422D5B6F21818D6B004BCC4A /* Release */ = {
			isa = XCBuildConfiguration;
			buildSettings = {
				ALWAYS_SEARCH_USER_PATHS = NO;
				CLANG_ANALYZER_NONNULL = YES;
				CLANG_ANALYZER_NUMBER_OBJECT_CONVERSION = YES_AGGRESSIVE;
				CLANG_CXX_LANGUAGE_STANDARD = "gnu++14";
				CLANG_CXX_LIBRARY = "libc++";
				CLANG_ENABLE_MODULES = YES;
				CLANG_ENABLE_OBJC_ARC = YES;
				CLANG_ENABLE_OBJC_WEAK = YES;
				CLANG_WARN_BLOCK_CAPTURE_AUTORELEASING = YES;
				CLANG_WARN_BOOL_CONVERSION = YES;
				CLANG_WARN_COMMA = YES;
				CLANG_WARN_CONSTANT_CONVERSION = YES;
				CLANG_WARN_DEPRECATED_OBJC_IMPLEMENTATIONS = YES;
				CLANG_WARN_DIRECT_OBJC_ISA_USAGE = YES_ERROR;
				CLANG_WARN_DOCUMENTATION_COMMENTS = YES;
				CLANG_WARN_EMPTY_BODY = YES;
				CLANG_WARN_ENUM_CONVERSION = YES;
				CLANG_WARN_INFINITE_RECURSION = YES;
				CLANG_WARN_INT_CONVERSION = YES;
				CLANG_WARN_NON_LITERAL_NULL_CONVERSION = YES;
				CLANG_WARN_OBJC_IMPLICIT_RETAIN_SELF = YES;
				CLANG_WARN_OBJC_LITERAL_CONVERSION = YES;
				CLANG_WARN_OBJC_ROOT_CLASS = YES_ERROR;
				CLANG_WARN_RANGE_LOOP_ANALYSIS = YES;
				CLANG_WARN_STRICT_PROTOTYPES = YES;
				CLANG_WARN_SUSPICIOUS_MOVE = YES;
				CLANG_WARN_UNGUARDED_AVAILABILITY = YES_AGGRESSIVE;
				CLANG_WARN_UNREACHABLE_CODE = YES;
				CLANG_WARN__DUPLICATE_METHOD_MATCH = YES;
				CODE_SIGN_IDENTITY = "iPhone Developer";
				COPY_PHASE_STRIP = NO;
				DEBUG_INFORMATION_FORMAT = "dwarf-with-dsym";
				ENABLE_NS_ASSERTIONS = NO;
				ENABLE_STRICT_OBJC_MSGSEND = YES;
				GCC_C_LANGUAGE_STANDARD = gnu11;
				GCC_NO_COMMON_BLOCKS = YES;
				GCC_WARN_64_TO_32_BIT_CONVERSION = YES;
				GCC_WARN_ABOUT_RETURN_TYPE = YES_ERROR;
				GCC_WARN_UNDECLARED_SELECTOR = YES;
				GCC_WARN_UNINITIALIZED_AUTOS = YES_AGGRESSIVE;
				GCC_WARN_UNUSED_FUNCTION = YES;
				GCC_WARN_UNUSED_VARIABLE = YES;
				IPHONEOS_DEPLOYMENT_TARGET = 12.0;
				MTL_ENABLE_DEBUG_INFO = NO;
				MTL_FAST_MATH = YES;
				SDKROOT = iphoneos;
				SWIFT_COMPILATION_MODE = wholemodule;
				SWIFT_OPTIMIZATION_LEVEL = "-O";
				VALIDATE_PRODUCT = YES;
			};
			name = Release;
		};
		422D5B7121818D6B004BCC4A /* Debug */ = {
			isa = XCBuildConfiguration;
			buildSettings = {
				ASSETCATALOG_COMPILER_APPICON_NAME = AppIcon;
				CODE_SIGN_STYLE = Automatic;
				INFOPLIST_FILE = Todoey/Info.plist;
				LD_RUNPATH_SEARCH_PATHS = (
					"$(inherited)",
					"@executable_path/Frameworks",
				);
				PRODUCT_BUNDLE_IDENTIFIER = com.sherif.Todoey;
				PRODUCT_NAME = "$(TARGET_NAME)";
				SWIFT_VERSION = 4.2;
				TARGETED_DEVICE_FAMILY = "1,2";
			};
			name = Debug;
		};
		422D5B7221818D6B004BCC4A /* Release */ = {
			isa = XCBuildConfiguration;
			buildSettings = {
				ASSETCATALOG_COMPILER_APPICON_NAME = AppIcon;
				CODE_SIGN_STYLE = Automatic;
				INFOPLIST_FILE = Todoey/Info.plist;
				LD_RUNPATH_SEARCH_PATHS = (
					"$(inherited)",
					"@executable_path/Frameworks",
				);
				PRODUCT_BUNDLE_IDENTIFIER = com.sherif.Todoey;
				PRODUCT_NAME = "$(TARGET_NAME)";
				SWIFT_VERSION = 4.2;
				TARGETED_DEVICE_FAMILY = "1,2";
			};
			name = Release;
		};
/* End XCBuildConfiguration section */

/* Begin XCConfigurationList section */
		422D5B5921818D6B004BCC4A /* Build configuration list for PBXProject "Todoey" */ = {
			isa = XCConfigurationList;
			buildConfigurations = (
				422D5B6E21818D6B004BCC4A /* Debug */,
				422D5B6F21818D6B004BCC4A /* Release */,
			);
			defaultConfigurationIsVisible = 0;
			defaultConfigurationName = Release;
		};
		422D5B7021818D6B004BCC4A /* Build configuration list for PBXNativeTarget "Todoey" */ = {
			isa = XCConfigurationList;
			buildConfigurations = (
				422D5B7121818D6B004BCC4A /* Debug */,
				422D5B7221818D6B004BCC4A /* Release */,
			);
			defaultConfigurationIsVisible = 0;
			defaultConfigurationName = Release;
		};
/* End XCConfigurationList section */

/* Begin XCVersionGroup section */
		425455FE21821BF400A35975 /* DataModel.xcdatamodeld */ = {
			isa = XCVersionGroup;
			children = (
				425455FF21821BF400A35975 /* DataModel.xcdatamodel */,
			);
			currentVersion = 425455FF21821BF400A35975 /* DataModel.xcdatamodel */;
			path = DataModel.xcdatamodeld;
			sourceTree = "<group>";
			versionGroupType = wrapper.xcdatamodel;
		};
/* End XCVersionGroup section */
	};
	rootObject = 422D5B5621818D6B004BCC4A /* Project object */;
}
